
Microsoft Visual Studio Solution File, Format Version 12.00
# Visual Studio Version 17
VisualStudioVersion = 17.14.36109.1 d17.14
MinimumVisualStudioVersion = 10.0.40219.1
Project("{FAE04EC0-301F-11D3-BF4B-00C04F79EFBC}") = "ObsidianGitMirror", "ObsidianGitMirror.csproj", "{8DB0D227-87E9-4904-8C6B-60F1FAD8C784}"
EndProject
Global
	GlobalSection(SolutionConfigurationPlatforms) = preSolution
		Debug|Any CPU = Debug|Any CPU
		Release|Any CPU = Release|Any CPU
	EndGlobalSection
	GlobalSection(ProjectConfigurationPlatforms) = postSolution
		{8DB0D227-87E9-4904-8C6B-60F1FAD8C784}.Debug|Any CPU.ActiveCfg = Debug|Any CPU
		{8DB0D227-87E9-4904-8C6B-60F1FAD8C784}.Debug|Any CPU.Build.0 = Debug|Any CPU
		{8DB0D227-87E9-4904-8C6B-60F1FAD8C784}.Release|Any CPU.ActiveCfg = Release|Any CPU
		{8DB0D227-87E9-4904-8C6B-60F1FAD8C784}.Release|Any CPU.Build.0 = Release|Any CPU
	EndGlobalSection
	GlobalSection(SolutionProperties) = preSolution
		HideSolutionNode = FALSE
	EndGlobalSection
	GlobalSection(ExtensibilityGlobals) = postSolution
		SolutionGuid = {55C66C47-99B4-4949-9D54-1B7F8EFCB45E}
	EndGlobalSection
EndGlobal
